{
  "nodes": {
    "nix-darwin": {
      "inputs": {
        "nixpkgs": [
          "nixpkgs"
        ]
      },
      "locked": {
        "lastModified": 1719845423,
        "narHash": "sha256-ZLHDmWAsHQQKnmfyhYSHJDlt8Wfjv6SQhl2qek42O7A=",
        "owner": "LnL7",
        "repo": "nix-darwin",
        "rev": "ec12b88104d6c117871fad55e931addac4626756",
        "type": "github"
      },
      "original": {
        "owner": "LnL7",
        "repo": "nix-darwin",
        "type": "github"
      }
    },
    "nixpkgs": {
      "locked": {
        "lastModified": 1720087678,
        "narHash": "sha256-uOhYJU3ldDKXYV+mFaXcPtyjq/UIMh/6SCuoVNU9rxM=",
        "owner": "NixOS",
        "repo": "nixpkgs",
        "rev": "1afc5440469f94e7ed26e8648820971b102afdc3",
        "type": "github"
      },
      "original": {
        "owner": "NixOS",
        "ref": "nixpkgs-unstable",
        "repo": "nixpkgs",
        "type": "github"
      }
    },
    "root": {
      "inputs": {
        "nix-darwin": "nix-darwin",
        "nixpkgs": "nixpkgs"
      }
    }
  },
  "root": "root",
  "version": 7
}
